
Microsoft Visual Studio Solution File, Format Version 12.00
# Visual Studio Version 16
VisualStudioVersion = 16.0.30503.244
MinimumVisualStudioVersion = 10.0.40219.1
Project("{9A19103F-16F7-4668-BE54-9A1E7A4F7556}") = "ECOMMERCE.CORE", "ECOMMERCE.CORE\ECOMMERCE.CORE.csproj", "{42A84AE8-4621-4BAC-B453-5528C6481194}"
EndProject
Project("{9A19103F-16F7-4668-BE54-9A1E7A4F7556}") = "ECOMMERCE.DATA", "ECOMMERCE.DATA\ECOMMERCE.DATA.csproj", "{1466D72D-8E04-44CE-A698-9E2BA8FABEA3}"
EndProject
Project("{9A19103F-16F7-4668-BE54-9A1E7A4F7556}") = "ConsoleTest", "ConsoleTest\ConsoleTest.csproj", "{E2568813-E0E0-4042-803F-0963EF95AE6B}"
EndProject
Project("{FAE04EC0-301F-11D3-BF4B-00C04F79EFBC}") = "ECOMMERCE.WEBUI", "ECOMMERCE.WEBUI\ECOMMERCE.WEBUI.csproj", "{0AC4F3F9-8CB3-4C58-B5B6-A0D22DE33F76}"
EndProject
Global
	GlobalSection(SolutionConfigurationPlatforms) = preSolution
		Debug|Any CPU = Debug|Any CPU
		Release|Any CPU = Release|Any CPU
	EndGlobalSection
	GlobalSection(ProjectConfigurationPlatforms) = postSolution
		{42A84AE8-4621-4BAC-B453-5528C6481194}.Debug|Any CPU.ActiveCfg = Debug|Any CPU
		{42A84AE8-4621-4BAC-B453-5528C6481194}.Debug|Any CPU.Build.0 = Debug|Any CPU
		{42A84AE8-4621-4BAC-B453-5528C6481194}.Release|Any CPU.ActiveCfg = Release|Any CPU
		{42A84AE8-4621-4BAC-B453-5528C6481194}.Release|Any CPU.Build.0 = Release|Any CPU
		{1466D72D-8E04-44CE-A698-9E2BA8FABEA3}.Debug|Any CPU.ActiveCfg = Debug|Any CPU
		{1466D72D-8E04-44CE-A698-9E2BA8FABEA3}.Debug|Any CPU.Build.0 = Debug|Any CPU
		{1466D72D-8E04-44CE-A698-9E2BA8FABEA3}.Release|Any CPU.ActiveCfg = Release|Any CPU
		{1466D72D-8E04-44CE-A698-9E2BA8FABEA3}.Release|Any CPU.Build.0 = Release|Any CPU
		{E2568813-E0E0-4042-803F-0963EF95AE6B}.Debug|Any CPU.ActiveCfg = Debug|Any CPU
		{E2568813-E0E0-4042-803F-0963EF95AE6B}.Debug|Any CPU.Build.0 = Debug|Any CPU
		{E2568813-E0E0-4042-803F-0963EF95AE6B}.Release|Any CPU.ActiveCfg = Release|Any CPU
		{E2568813-E0E0-4042-803F-0963EF95AE6B}.Release|Any CPU.Build.0 = Release|Any CPU
		{0AC4F3F9-8CB3-4C58-B5B6-A0D22DE33F76}.Debug|Any CPU.ActiveCfg = Debug|Any CPU
		{0AC4F3F9-8CB3-4C58-B5B6-A0D22DE33F76}.Debug|Any CPU.Build.0 = Debug|Any CPU
		{0AC4F3F9-8CB3-4C58-B5B6-A0D22DE33F76}.Release|Any CPU.ActiveCfg = Release|Any CPU
		{0AC4F3F9-8CB3-4C58-B5B6-A0D22DE33F76}.Release|Any CPU.Build.0 = Release|Any CPU
	EndGlobalSection
	GlobalSection(SolutionProperties) = preSolution
		HideSolutionNode = FALSE
	EndGlobalSection
	GlobalSection(ExtensibilityGlobals) = postSolution
		SolutionGuid = {C3410BDA-9227-49E7-BF16-FC5898FD3215}
	EndGlobalSection
EndGlobal
